# This file is @generated by PDM.
# It is not intended for manual editing.

[metadata]
groups = ["default"]
strategy = ["inherit_metadata"]
lock_version = "4.5.0"
content_hash = "sha256:d6b63858758c4e0e5270d72e36a9df6b0b8afc93f6e8afb7fa867eac76af74b1"

[[metadata.targets]]
requires_python = "==3.10.*"

[[package]]
name = "blinker"
version = "1.8.2"
requires_python = ">=3.8"
summary = "Fast, simple object-to-object and broadcast signaling"
groups = ["default"]
files = [
    {file = "blinker-1.8.2-py3-none-any.whl", hash = "sha256:1779309f71bf239144b9399d06ae925637cf6634cf6bd131104184531bf67c01"},
    {file = "blinker-1.8.2.tar.gz", hash = "sha256:8f77b09d3bf7c795e969e9486f39c2c5e9c39d4ee07424be2bc594ece9642d83"},
]

[[package]]
name = "click"
version = "8.1.7"
requires_python = ">=3.7"
summary = "Composable command line interface toolkit"
groups = ["default"]
dependencies = [
    "colorama; platform_system == \"Windows\"",
    "importlib-metadata; python_version < \"3.8\"",
]
files = [
    {file = "click-8.1.7-py3-none-any.whl", hash = "sha256:ae74fb96c20a0277a1d615f1e4d73c8414f5a98db8b799a7931d1582f3390c28"},
    {file = "click-8.1.7.tar.gz", hash = "sha256:ca9853ad459e787e2192211578cc907e7594e294c7ccc834310722b41b9ca6de"},
]

[[package]]
name = "colorama"
version = "0.4.6"
requires_python = "!=3.0.*,!=3.1.*,!=3.2.*,!=3.3.*,!=3.4.*,!=3.5.*,!=3.6.*,>=2.7"
summary = "Cross-platform colored terminal text."
groups = ["default"]
files = [
    {file = "colorama-0.4.6-py2.py3-none-any.whl", hash = "sha256:4f1d9991f5acc0ca119f9d443620b77f9d6b33703e51011c16baf57afb285fc6"},
    {file = "colorama-0.4.6.tar.gz", hash = "sha256:08695f5cb7ed6e0531a20572697297273c47b8cae5a63ffc6d6ed5c201be6e44"},
]

[[package]]
name = "cssbeautifier"
version = "1.15.1"
summary = "CSS unobfuscator and beautifier."
groups = ["default"]
dependencies = [
    "editorconfig>=0.12.2",
    "jsbeautifier",
    "six>=1.13.0",
]
files = [
    {file = "cssbeautifier-1.15.1.tar.gz", hash = "sha256:9f7064362aedd559c55eeecf6b6bed65e05f33488dcbe39044f0403c26e1c006"},
]

[[package]]
name = "djlint"
version = "1.34.1"
requires_python = ">=3.8.0,<4.0.0"
summary = "HTML Template Linter and Formatter"
groups = ["default"]
dependencies = [
    "PyYAML<7.0,>=6.0",
    "click<9.0.0,>=8.0.1",
    "colorama<0.5.0,>=0.4.4",
    "cssbeautifier<2.0.0,>=1.14.4",
    "html-tag-names<0.2.0,>=0.1.2",
    "html-void-elements<0.2.0,>=0.1.0",
    "jsbeautifier<2.0.0,>=1.14.4",
    "json5<0.10.0,>=0.9.11",
    "pathspec<0.13.0,>=0.12.0",
    "regex<2024.0.0,>=2023.0.0",
    "tomli<3.0.0,>=2.0.1; python_version < \"3.11\"",
    "tqdm<5.0.0,>=4.62.2",
]
files = [
    {file = "djlint-1.34.1-py3-none-any.whl", hash = "sha256:96ff1c464fb6f061130ebc88663a2ea524d7ec51f4b56221a2b3f0320a3cfce8"},
    {file = "djlint-1.34.1.tar.gz", hash = "sha256:db93fa008d19eaadb0454edf1704931d14469d48508daba2df9941111f408346"},
]

[[package]]
name = "editorconfig"
version = "0.12.4"
summary = "EditorConfig File Locator and Interpreter for Python"
groups = ["default"]
files = [
    {file = "EditorConfig-0.12.4.tar.gz", hash = "sha256:24857fa1793917dd9ccf0c7810a07e05404ce9b823521c7dce22a4fb5d125f80"},
]

[[package]]
name = "flask"
version = "3.0.3"
requires_python = ">=3.8"
summary = "A simple framework for building complex web applications."
groups = ["default"]
dependencies = [
    "Jinja2>=3.1.2",
    "Werkzeug>=3.0.0",
    "blinker>=1.6.2",
    "click>=8.1.3",
    "importlib-metadata>=3.6.0; python_version < \"3.10\"",
    "itsdangerous>=2.1.2",
]
files = [
    {file = "flask-3.0.3-py3-none-any.whl", hash = "sha256:34e815dfaa43340d1d15a5c3a02b8476004037eb4840b34910c6e21679d288f3"},
    {file = "flask-3.0.3.tar.gz", hash = "sha256:ceb27b0af3823ea2737928a4d99d125a06175b8512c445cbd9a9ce200ef76842"},
]

[[package]]
name = "greenlet"
version = "3.0.3"
requires_python = ">=3.7"
summary = "Lightweight in-process concurrent programming"
groups = ["default"]
marker = "platform_machine == \"win32\" or platform_machine == \"WIN32\" or platform_machine == \"AMD64\" or platform_machine == \"amd64\" or platform_machine == \"x86_64\" or platform_machine == \"ppc64le\" or platform_machine == \"aarch64\""
files = [
    {file = "greenlet-3.0.3-cp310-cp310-macosx_11_0_universal2.whl", hash = "sha256:9da2bd29ed9e4f15955dd1595ad7bc9320308a3b766ef7f837e23ad4b4aac31a"},
    {file = "greenlet-3.0.3-cp310-cp310-manylinux_2_17_aarch64.manylinux2014_aarch64.whl", hash = "sha256:d353cadd6083fdb056bb46ed07e4340b0869c305c8ca54ef9da3421acbdf6881"},
    {file = "greenlet-3.0.3-cp310-cp310-manylinux_2_17_ppc64le.manylinux2014_ppc64le.whl", hash = "sha256:dca1e2f3ca00b84a396bc1bce13dd21f680f035314d2379c4160c98153b2059b"},
    {file = "greenlet-3.0.3-cp310-cp310-manylinux_2_17_s390x.manylinux2014_s390x.whl", hash = "sha256:3ed7fb269f15dc662787f4119ec300ad0702fa1b19d2135a37c2c4de6fadfd4a"},
    {file = "greenlet-3.0.3-cp310-cp310-manylinux_2_17_x86_64.manylinux2014_x86_64.whl", hash = "sha256:dd4f49ae60e10adbc94b45c0b5e6a179acc1736cf7a90160b404076ee283cf83"},
    {file = "greenlet-3.0.3-cp310-cp310-manylinux_2_24_x86_64.manylinux_2_28_x86_64.whl", hash = "sha256:73a411ef564e0e097dbe7e866bb2dda0f027e072b04da387282b02c308807405"},
    {file = "greenlet-3.0.3-cp310-cp310-musllinux_1_1_aarch64.whl", hash = "sha256:7f362975f2d179f9e26928c5b517524e89dd48530a0202570d55ad6ca5d8a56f"},
    {file = "greenlet-3.0.3-cp310-cp310-musllinux_1_1_x86_64.whl", hash = "sha256:649dde7de1a5eceb258f9cb00bdf50e978c9db1b996964cd80703614c86495eb"},
    {file = "greenlet-3.0.3-cp310-cp310-win_amd64.whl", hash = "sha256:68834da854554926fbedd38c76e60c4a2e3198c6fbed520b106a8986445caaf9"},
    {file = "greenlet-3.0.3.tar.gz", hash = "sha256:43374442353259554ce33599da8b692d5aa96f8976d567d4badf263371fbe491"},
]

[[package]]
name = "gunicorn"
version = "22.0.0"
requires_python = ">=3.7"
summary = "WSGI HTTP Server for UNIX"
groups = ["default"]
dependencies = [
    "importlib-metadata; python_version < \"3.8\"",
    "packaging",
]
files = [
    {file = "gunicorn-22.0.0-py3-none-any.whl", hash = "sha256:350679f91b24062c86e386e198a15438d53a7a8207235a78ba1b53df4c4378d9"},
    {file = "gunicorn-22.0.0.tar.gz", hash = "sha256:4a0b436239ff76fb33f11c07a16482c521a7e09c1ce3cc293c2330afe01bec63"},
]

[[package]]
name = "html-tag-names"
version = "0.1.2"
requires_python = ">=3.7,<4.0"
summary = "List of known HTML tag names"
groups = ["default"]
files = [
    {file = "html-tag-names-0.1.2.tar.gz", hash = "sha256:04924aca48770f36b5a41c27e4d917062507be05118acb0ba869c97389084297"},
    {file = "html_tag_names-0.1.2-py3-none-any.whl", hash = "sha256:eeb69ef21078486b615241f0393a72b41352c5219ee648e7c61f5632d26f0420"},
]

[[package]]
name = "html-void-elements"
version = "0.1.0"
requires_python = ">=3.7,<4.0"
summary = "List of HTML void tag names."
groups = ["default"]
files = [
    {file = "html-void-elements-0.1.0.tar.gz", hash = "sha256:931b88f84cd606fee0b582c28fcd00e41d7149421fb673e1e1abd2f0c4f231f0"},
    {file = "html_void_elements-0.1.0-py3-none-any.whl", hash = "sha256:784cf39db03cdeb017320d9301009f8f3480f9d7b254d0974272e80e0cb5e0d2"},
]

[[package]]
name = "itsdangerous"
version = "2.2.0"
requires_python = ">=3.8"
summary = "Safely pass data to untrusted environments and back."
groups = ["default"]
files = [
    {file = "itsdangerous-2.2.0-py3-none-any.whl", hash = "sha256:c6242fc49e35958c8b15141343aa660db5fc54d4f13a1db01a3f5891b98700ef"},
    {file = "itsdangerous-2.2.0.tar.gz", hash = "sha256:e0050c0b7da1eea53ffaf149c0cfbb5c6e2e2b69c4bef22c81fa6eb73e5f6173"},
]

[[package]]
name = "jinja2"
version = "3.1.4"
requires_python = ">=3.7"
summary = "A very fast and expressive template engine."
groups = ["default"]
dependencies = [
    "MarkupSafe>=2.0",
]
files = [
    {file = "jinja2-3.1.4-py3-none-any.whl", hash = "sha256:bc5dd2abb727a5319567b7a813e6a2e7318c39f4f487cfe6c89c6f9c7d25197d"},
    {file = "jinja2-3.1.4.tar.gz", hash = "sha256:4a3aee7acbbe7303aede8e9648d13b8bf88a429282aa6122a993f0ac800cb369"},
]

[[package]]
name = "jsbeautifier"
version = "1.15.1"
summary = "JavaScript unobfuscator and beautifier."
groups = ["default"]
dependencies = [
    "editorconfig>=0.12.2",
    "six>=1.13.0",
]
files = [
    {file = "jsbeautifier-1.15.1.tar.gz", hash = "sha256:ebd733b560704c602d744eafc839db60a1ee9326e30a2a80c4adb8718adc1b24"},
]

[[package]]
name = "json5"
version = "0.9.25"
requires_python = ">=3.8"
summary = "A Python implementation of the JSON5 data format."
groups = ["default"]
files = [
    {file = "json5-0.9.25-py3-none-any.whl", hash = "sha256:34ed7d834b1341a86987ed52f3f76cd8ee184394906b6e22a1e0deb9ab294e8f"},
    {file = "json5-0.9.25.tar.gz", hash = "sha256:548e41b9be043f9426776f05df8635a00fe06104ea51ed24b67f908856e151ae"},
]

[[package]]
name = "markupsafe"
version = "2.1.5"
requires_python = ">=3.7"
summary = "Safely add untrusted strings to HTML/XML markup."
groups = ["default"]
files = [
    {file = "MarkupSafe-2.1.5-cp310-cp310-macosx_10_9_universal2.whl", hash = "sha256:a17a92de5231666cfbe003f0e4b9b3a7ae3afb1ec2845aadc2bacc93ff85febc"},
    {file = "MarkupSafe-2.1.5-cp310-cp310-macosx_10_9_x86_64.whl", hash = "sha256:72b6be590cc35924b02c78ef34b467da4ba07e4e0f0454a2c5907f473fc50ce5"},
    {file = "MarkupSafe-2.1.5-cp310-cp310-manylinux_2_17_aarch64.manylinux2014_aarch64.whl", hash = "sha256:e61659ba32cf2cf1481e575d0462554625196a1f2fc06a1c777d3f48e8865d46"},
    {file = "MarkupSafe-2.1.5-cp310-cp310-manylinux_2_17_x86_64.manylinux2014_x86_64.whl", hash = "sha256:2174c595a0d73a3080ca3257b40096db99799265e1c27cc5a610743acd86d62f"},
    {file = "MarkupSafe-2.1.5-cp310-cp310-manylinux_2_5_i686.manylinux1_i686.manylinux_2_17_i686.manylinux2014_i686.whl", hash = "sha256:ae2ad8ae6ebee9d2d94b17fb62763125f3f374c25618198f40cbb8b525411900"},
    {file = "MarkupSafe-2.1.5-cp310-cp310-musllinux_1_1_aarch64.whl", hash = "sha256:075202fa5b72c86ad32dc7d0b56024ebdbcf2048c0ba09f1cde31bfdd57bcfff"},
    {file = "MarkupSafe-2.1.5-cp310-cp310-musllinux_1_1_i686.whl", hash = "sha256:598e3276b64aff0e7b3451b72e94fa3c238d452e7ddcd893c3ab324717456bad"},
    {file = "MarkupSafe-2.1.5-cp310-cp310-musllinux_1_1_x86_64.whl", hash = "sha256:fce659a462a1be54d2ffcacea5e3ba2d74daa74f30f5f143fe0c58636e355fdd"},
    {file = "MarkupSafe-2.1.5-cp310-cp310-win32.whl", hash = "sha256:d9fad5155d72433c921b782e58892377c44bd6252b5af2f67f16b194987338a4"},
    {file = "MarkupSafe-2.1.5-cp310-cp310-win_amd64.whl", hash = "sha256:bf50cd79a75d181c9181df03572cdce0fbb75cc353bc350712073108cba98de5"},
    {file = "MarkupSafe-2.1.5.tar.gz", hash = "sha256:d283d37a890ba4c1ae73ffadf8046435c76e7bc2247bbb63c00bd1a709c6544b"},
]

[[package]]
name = "packaging"
version = "24.1"
requires_python = ">=3.8"
summary = "Core utilities for Python packages"
groups = ["default"]
files = [
    {file = "packaging-24.1-py3-none-any.whl", hash = "sha256:5b8f2217dbdbd2f7f384c41c628544e6d52f2d0f53c6d0c3ea61aa5d1d7ff124"},
    {file = "packaging-24.1.tar.gz", hash = "sha256:026ed72c8ed3fcce5bf8950572258698927fd1dbda10a5e981cdf0ac37f4f002"},
]

[[package]]
name = "pathspec"
version = "0.12.1"
requires_python = ">=3.8"
summary = "Utility library for gitignore style pattern matching of file paths."
groups = ["default"]
files = [
    {file = "pathspec-0.12.1-py3-none-any.whl", hash = "sha256:a0d503e138a4c123b27490a4f7beda6a01c6f288df0e4a8b79c7eb0dc7b4cc08"},
    {file = "pathspec-0.12.1.tar.gz", hash = "sha256:a482d51503a1ab33b1c67a6c3813a26953dbdc71c31dacaef9a838c4e29f5712"},
]

[[package]]
name = "psycopg2-binary"
version = "2.9.9"
requires_python = ">=3.7"
summary = "psycopg2 - Python-PostgreSQL Database Adapter"
groups = ["default"]
files = [
    {file = "psycopg2-binary-2.9.9.tar.gz", hash = "sha256:7f01846810177d829c7692f1f5ada8096762d9172af1b1a28d4ab5b77c923c1c"},
    {file = "psycopg2_binary-2.9.9-cp310-cp310-macosx_10_9_x86_64.whl", hash = "sha256:c2470da5418b76232f02a2fcd2229537bb2d5a7096674ce61859c3229f2eb202"},
    {file = "psycopg2_binary-2.9.9-cp310-cp310-macosx_11_0_arm64.whl", hash = "sha256:c6af2a6d4b7ee9615cbb162b0738f6e1fd1f5c3eda7e5da17861eacf4c717ea7"},
    {file = "psycopg2_binary-2.9.9-cp310-cp310-manylinux_2_17_aarch64.manylinux2014_aarch64.whl", hash = "sha256:75723c3c0fbbf34350b46a3199eb50638ab22a0228f93fb472ef4d9becc2382b"},
    {file = "psycopg2_binary-2.9.9-cp310-cp310-manylinux_2_17_i686.manylinux2014_i686.whl", hash = "sha256:83791a65b51ad6ee6cf0845634859d69a038ea9b03d7b26e703f94c7e93dbcf9"},
    {file = "psycopg2_binary-2.9.9-cp310-cp310-manylinux_2_17_ppc64le.manylinux2014_ppc64le.whl", hash = "sha256:0ef4854e82c09e84cc63084a9e4ccd6d9b154f1dbdd283efb92ecd0b5e2b8c84"},
    {file = "psycopg2_binary-2.9.9-cp310-cp310-manylinux_2_17_x86_64.manylinux2014_x86_64.whl", hash = "sha256:ed1184ab8f113e8d660ce49a56390ca181f2981066acc27cf637d5c1e10ce46e"},
    {file = "psycopg2_binary-2.9.9-cp310-cp310-musllinux_1_1_aarch64.whl", hash = "sha256:d2997c458c690ec2bc6b0b7ecbafd02b029b7b4283078d3b32a852a7ce3ddd98"},
    {file = "psycopg2_binary-2.9.9-cp310-cp310-musllinux_1_1_i686.whl", hash = "sha256:b58b4710c7f4161b5e9dcbe73bb7c62d65670a87df7bcce9e1faaad43e715245"},
    {file = "psycopg2_binary-2.9.9-cp310-cp310-musllinux_1_1_ppc64le.whl", hash = "sha256:0c009475ee389757e6e34611d75f6e4f05f0cf5ebb76c6037508318e1a1e0d7e"},
    {file = "psycopg2_binary-2.9.9-cp310-cp310-musllinux_1_1_x86_64.whl", hash = "sha256:8dbf6d1bc73f1d04ec1734bae3b4fb0ee3cb2a493d35ede9badbeb901fb40f6f"},
    {file = "psycopg2_binary-2.9.9-cp310-cp310-win32.whl", hash = "sha256:3f78fd71c4f43a13d342be74ebbc0666fe1f555b8837eb113cb7416856c79682"},
    {file = "psycopg2_binary-2.9.9-cp310-cp310-win_amd64.whl", hash = "sha256:876801744b0dee379e4e3c38b76fc89f88834bb15bf92ee07d94acd06ec890a0"},
]

[[package]]
name = "pyyaml"
version = "6.0.2"
requires_python = ">=3.8"
summary = "YAML parser and emitter for Python"
groups = ["default"]
files = [
    {file = "PyYAML-6.0.2-cp310-cp310-macosx_10_9_x86_64.whl", hash = "sha256:0a9a2848a5b7feac301353437eb7d5957887edbf81d56e903999a75a3d743086"},
    {file = "PyYAML-6.0.2-cp310-cp310-macosx_11_0_arm64.whl", hash = "sha256:29717114e51c84ddfba879543fb232a6ed60086602313ca38cce623c1d62cfbf"},
    {file = "PyYAML-6.0.2-cp310-cp310-manylinux_2_17_aarch64.manylinux2014_aarch64.whl", hash = "sha256:8824b5a04a04a047e72eea5cec3bc266db09e35de6bdfe34c9436ac5ee27d237"},
    {file = "PyYAML-6.0.2-cp310-cp310-manylinux_2_17_s390x.manylinux2014_s390x.whl", hash = "sha256:7c36280e6fb8385e520936c3cb3b8042851904eba0e58d277dca80a5cfed590b"},
    {file = "PyYAML-6.0.2-cp310-cp310-manylinux_2_17_x86_64.manylinux2014_x86_64.whl", hash = "sha256:ec031d5d2feb36d1d1a24380e4db6d43695f3748343d99434e6f5f9156aaa2ed"},
    {file = "PyYAML-6.0.2-cp310-cp310-musllinux_1_1_aarch64.whl", hash = "sha256:936d68689298c36b53b29f23c6dbb74de12b4ac12ca6cfe0e047bedceea56180"},
    {file = "PyYAML-6.0.2-cp310-cp310-musllinux_1_1_x86_64.whl", hash = "sha256:23502f431948090f597378482b4812b0caae32c22213aecf3b55325e049a6c68"},
    {file = "PyYAML-6.0.2-cp310-cp310-win32.whl", hash = "sha256:2e99c6826ffa974fe6e27cdb5ed0021786b03fc98e5ee3c5bfe1fd5015f42b99"},
    {file = "PyYAML-6.0.2-cp310-cp310-win_amd64.whl", hash = "sha256:a4d3091415f010369ae4ed1fc6b79def9416358877534caf6a0fdd2146c87a3e"},
    {file = "pyyaml-6.0.2.tar.gz", hash = "sha256:d584d9ec91ad65861cc08d42e834324ef890a082e591037abe114850ff7bbc3e"},
]

[[package]]
name = "regex"
version = "2023.12.25"
requires_python = ">=3.7"
summary = "Alternative regular expression module, to replace re."
groups = ["default"]
files = [
    {file = "regex-2023.12.25-cp310-cp310-macosx_10_9_universal2.whl", hash = "sha256:0694219a1d54336fd0445ea382d49d36882415c0134ee1e8332afd1529f0baa5"},
    {file = "regex-2023.12.25-cp310-cp310-macosx_10_9_x86_64.whl", hash = "sha256:b014333bd0217ad3d54c143de9d4b9a3ca1c5a29a6d0d554952ea071cff0f1f8"},
    {file = "regex-2023.12.25-cp310-cp310-macosx_11_0_arm64.whl", hash = "sha256:d865984b3f71f6d0af64d0d88f5733521698f6c16f445bb09ce746c92c97c586"},
    {file = "regex-2023.12.25-cp310-cp310-manylinux_2_17_aarch64.manylinux2014_aarch64.whl", hash = "sha256:1e0eabac536b4cc7f57a5f3d095bfa557860ab912f25965e08fe1545e2ed8b4c"},
    {file = "regex-2023.12.25-cp310-cp310-manylinux_2_17_ppc64le.manylinux2014_ppc64le.whl", hash = "sha256:c25a8ad70e716f96e13a637802813f65d8a6760ef48672aa3502f4c24ea8b400"},
    {file = "regex-2023.12.25-cp310-cp310-manylinux_2_17_s390x.manylinux2014_s390x.whl", hash = "sha256:a9b6d73353f777630626f403b0652055ebfe8ff142a44ec2cf18ae470395766e"},
    {file = "regex-2023.12.25-cp310-cp310-manylinux_2_17_x86_64.manylinux2014_x86_64.whl", hash = "sha256:a9cc99d6946d750eb75827cb53c4371b8b0fe89c733a94b1573c9dd16ea6c9e4"},
    {file = "regex-2023.12.25-cp310-cp310-manylinux_2_5_i686.manylinux1_i686.manylinux_2_17_i686.manylinux2014_i686.whl", hash = "sha256:88d1f7bef20c721359d8675f7d9f8e414ec5003d8f642fdfd8087777ff7f94b5"},
    {file = "regex-2023.12.25-cp310-cp310-manylinux_2_5_x86_64.manylinux1_x86_64.manylinux_2_12_x86_64.manylinux2010_x86_64.whl", hash = "sha256:cb3fe77aec8f1995611f966d0c656fdce398317f850d0e6e7aebdfe61f40e1cd"},
    {file = "regex-2023.12.25-cp310-cp310-musllinux_1_1_aarch64.whl", hash = "sha256:7aa47c2e9ea33a4a2a05f40fcd3ea36d73853a2aae7b4feab6fc85f8bf2c9704"},
    {file = "regex-2023.12.25-cp310-cp310-musllinux_1_1_i686.whl", hash = "sha256:df26481f0c7a3f8739fecb3e81bc9da3fcfae34d6c094563b9d4670b047312e1"},
    {file = "regex-2023.12.25-cp310-cp310-musllinux_1_1_ppc64le.whl", hash = "sha256:c40281f7d70baf6e0db0c2f7472b31609f5bc2748fe7275ea65a0b4601d9b392"},
    {file = "regex-2023.12.25-cp310-cp310-musllinux_1_1_s390x.whl", hash = "sha256:d94a1db462d5690ebf6ae86d11c5e420042b9898af5dcf278bd97d6bda065423"},
    {file = "regex-2023.12.25-cp310-cp310-musllinux_1_1_x86_64.whl", hash = "sha256:ba1b30765a55acf15dce3f364e4928b80858fa8f979ad41f862358939bdd1f2f"},
    {file = "regex-2023.12.25-cp310-cp310-win32.whl", hash = "sha256:150c39f5b964e4d7dba46a7962a088fbc91f06e606f023ce57bb347a3b2d4630"},
    {file = "regex-2023.12.25-cp310-cp310-win_amd64.whl", hash = "sha256:09da66917262d9481c719599116c7dc0c321ffcec4b1f510c4f8a066f8768105"},
    {file = "regex-2023.12.25.tar.gz", hash = "sha256:29171aa128da69afdf4bde412d5bedc335f2ca8fcfe4489038577d05f16181e5"},
]

[[package]]
name = "six"
version = "1.16.0"
requires_python = ">=2.7, !=3.0.*, !=3.1.*, !=3.2.*"
summary = "Python 2 and 3 compatibility utilities"
groups = ["default"]
files = [
    {file = "six-1.16.0-py2.py3-none-any.whl", hash = "sha256:8abb2f1d86890a2dfb989f9a77cfcfd3e47c2a354b01111771326f8aa26e0254"},
    {file = "six-1.16.0.tar.gz", hash = "sha256:1e61c37477a1626458e36f7b1d82aa5c9b094fa4802892072e49de9c60c4c926"},
]

[[package]]
name = "sqlalchemy"
version = "2.0.32"
requires_python = ">=3.7"
summary = "Database Abstraction Library"
groups = ["default"]
dependencies = [
    "greenlet!=0.4.17; (platform_machine == \"win32\" or platform_machine == \"WIN32\" or platform_machine == \"AMD64\" or platform_machine == \"amd64\" or platform_machine == \"x86_64\" or platform_machine == \"ppc64le\" or platform_machine == \"aarch64\") and python_version < \"3.13\"",
    "importlib-metadata; python_version < \"3.8\"",
    "typing-extensions>=4.6.0",
]
files = [
    {file = "SQLAlchemy-2.0.32-cp310-cp310-macosx_10_9_x86_64.whl", hash = "sha256:0c9045ecc2e4db59bfc97b20516dfdf8e41d910ac6fb667ebd3a79ea54084619"},
    {file = "SQLAlchemy-2.0.32-cp310-cp310-macosx_11_0_arm64.whl", hash = "sha256:1467940318e4a860afd546ef61fefb98a14d935cd6817ed07a228c7f7c62f389"},
    {file = "SQLAlchemy-2.0.32-cp310-cp310-manylinux_2_17_aarch64.manylinux2014_aarch64.whl", hash = "sha256:5954463675cb15db8d4b521f3566a017c8789222b8316b1e6934c811018ee08b"},
    {file = "SQLAlchemy-2.0.32-cp310-cp310-manylinux_2_17_x86_64.manylinux2014_x86_64.whl", hash = "sha256:167e7497035c303ae50651b351c28dc22a40bb98fbdb8468cdc971821b1ae533"},
    {file = "SQLAlchemy-2.0.32-cp310-cp310-musllinux_1_2_aarch64.whl", hash = "sha256:b27dfb676ac02529fb6e343b3a482303f16e6bc3a4d868b73935b8792edb52d0"},
    {file = "SQLAlchemy-2.0.32-cp310-cp310-musllinux_1_2_x86_64.whl", hash = "sha256:bf2360a5e0f7bd75fa80431bf8ebcfb920c9f885e7956c7efde89031695cafb8"},
    {file = "SQLAlchemy-2.0.32-cp310-cp310-win32.whl", hash = "sha256:306fe44e754a91cd9d600a6b070c1f2fadbb4a1a257b8781ccf33c7067fd3e4d"},
    {file = "SQLAlchemy-2.0.32-cp310-cp310-win_amd64.whl", hash = "sha256:99db65e6f3ab42e06c318f15c98f59a436f1c78179e6a6f40f529c8cc7100b22"},
    {file = "SQLAlchemy-2.0.32-py3-none-any.whl", hash = "sha256:e567a8793a692451f706b363ccf3c45e056b67d90ead58c3bc9471af5d212202"},
    {file = "SQLAlchemy-2.0.32.tar.gz", hash = "sha256:c1b88cc8b02b6a5f0efb0345a03672d4c897dc7d92585176f88c67346f565ea8"},
]

[[package]]
name = "tomli"
version = "2.0.1"
requires_python = ">=3.7"
summary = "A lil' TOML parser"
groups = ["default"]
marker = "python_version < \"3.11\""
files = [
    {file = "tomli-2.0.1-py3-none-any.whl", hash = "sha256:939de3e7a6161af0c887ef91b7d41a53e7c5a1ca976325f429cb46ea9bc30ecc"},
    {file = "tomli-2.0.1.tar.gz", hash = "sha256:de526c12914f0c550d15924c62d72abc48d6fe7364aa87328337a31007fe8a4f"},
]

[[package]]
name = "tqdm"
version = "4.66.5"
requires_python = ">=3.7"
summary = "Fast, Extensible Progress Meter"
groups = ["default"]
dependencies = [
    "colorama; platform_system == \"Windows\"",
]
files = [
    {file = "tqdm-4.66.5-py3-none-any.whl", hash = "sha256:90279a3770753eafc9194a0364852159802111925aa30eb3f9d85b0e805ac7cd"},
    {file = "tqdm-4.66.5.tar.gz", hash = "sha256:e1020aef2e5096702d8a025ac7d16b1577279c9d63f8375b63083e9a5f0fcbad"},
]

[[package]]
name = "typing-extensions"
version = "4.12.2"
requires_python = ">=3.8"
summary = "Backported and Experimental Type Hints for Python 3.8+"
groups = ["default"]
files = [
    {file = "typing_extensions-4.12.2-py3-none-any.whl", hash = "sha256:04e5ca0351e0f3f85c6853954072df659d0d13fac324d0072316b67d7794700d"},
    {file = "typing_extensions-4.12.2.tar.gz", hash = "sha256:1a7ead55c7e559dd4dee8856e3a88b41225abfe1ce8df57b7c13915fe121ffb8"},
]

[[package]]
name = "werkzeug"
version = "3.0.3"
requires_python = ">=3.8"
summary = "The comprehensive WSGI web application library."
groups = ["default"]
dependencies = [
    "MarkupSafe>=2.1.1",
]
files = [
    {file = "werkzeug-3.0.3-py3-none-any.whl", hash = "sha256:fc9645dc43e03e4d630d23143a04a7f947a9a3b5727cd535fdfe155a17cc48c8"},
    {file = "werkzeug-3.0.3.tar.gz", hash = "sha256:097e5bfda9f0aba8da6b8545146def481d06aa7d3266e7448e2cccf67dd8bd18"},
]
